{
  "requires": true,
  "lockfileVersion": 1,
  "dependencies": {
    "async-limiter": {
      "version": "1.0.0",
      "resolved": "https://registry.npmjs.org/async-limiter/-/async-limiter-1.0.0.tgz",
      "integrity": "sha512-jp/uFnooOiO+L211eZOoSyzpOITMXx1rBITauYykG3BRYPu8h0UcxsPNB04RR5vo4Tyz3+ay17tR6JVf9qzYWg=="
    },
    "better-queue": {
      "version": "3.8.6",
      "resolved": "https://registry.npmjs.org/better-queue/-/better-queue-3.8.6.tgz",
      "integrity": "sha1-cyIL36tAOSTP+nSXIg3Th6u3OmM=",
      "requires": {
        "better-queue-memory": "^1.0.1",
        "node-eta": "^0.9.0",
        "uuid": "^3.0.0"
      }
    },
    "better-queue-memory": {
      "version": "1.0.2",
      "resolved": "https://registry.npmjs.org/better-queue-memory/-/better-queue-memory-1.0.2.tgz",
      "integrity": "sha1-qm0WmqHQzHdAkYXLnLXH3CUbzUE="
    },
    "colors": {
      "version": "1.1.2",
      "resolved": "https://registry.npmjs.org/colors/-/colors-1.1.2.tgz",
      "integrity": "sha1-FopHAXVran9RoSzgyXv6KMCE7WM="
    },
    "discord.js": {
      "version": "11.3.0",
      "resolved": "https://registry.npmjs.org/discord.js/-/discord.js-11.3.0.tgz",
      "integrity": "sha512-xM3ydvb4urHjCP3N+Mgpw53a7ZGtmPwllwVgwPqdF2SHNPvTDr4So/+55VVx76s5eO9IMrOWpczsEuIr0/MAgQ==",
      "requires": {
        "long": "^3.2.0",
        "prism-media": "^0.0.1",
        "snekfetch": "^3.6.1",
        "tweetnacl": "^1.0.0",
        "ws": "^4.0.0"
      }
    },
    "growly": {
      "version": "1.3.0",
      "resolved": "https://registry.npmjs.org/growly/-/growly-1.3.0.tgz",
      "integrity": "sha1-8QdIy+dq+WS3yWyTxrzCivEgwIE="
    },
    "isexe": {
      "version": "2.0.0",
      "resolved": "https://registry.npmjs.org/isexe/-/isexe-2.0.0.tgz",
      "integrity": "sha1-6PvzdNxVb/iUehDcsFctYz8s+hA="
    },
    "long": {
      "version": "3.2.0",
      "resolved": "https://registry.npmjs.org/long/-/long-3.2.0.tgz",
      "integrity": "sha1-2CG3E4yhy1gcFymQ7xTbIAtcR0s="
    },
    "node-eta": {
      "version": "0.9.0",
      "resolved": "https://registry.npmjs.org/node-eta/-/node-eta-0.9.0.tgz",
      "integrity": "sha1-n7CwmbzSoCGUDmA8ZCVNwAPZp6g="
    },
    "node-notifier": {
      "version": "5.2.1",
      "resolved": "https://registry.npmjs.org/node-notifier/-/node-notifier-5.2.1.tgz",
      "integrity": "sha512-MIBs+AAd6dJ2SklbbE8RUDRlIVhU8MaNLh1A9SUZDUHPiZkWLFde6UNwG41yQHZEToHgJMXqyVZ9UcS/ReOVTg==",
      "requires": {
        "growly": "^1.3.0",
        "semver": "^5.4.1",
        "shellwords": "^0.1.1",
        "which": "^1.3.0"
      }
    },
    "prism-media": {
      "version": "0.0.1",
      "resolved": "https://registry.npmjs.org/prism-media/-/prism-media-0.0.1.tgz",
      "integrity": "sha1-o0JcnKvVDRxsAuVDlBoRiVZnvRA="
    },
    "safe-buffer": {
      "version": "5.1.1",
      "resolved": "https://registry.npmjs.org/safe-buffer/-/safe-buffer-5.1.1.tgz",
      "integrity": "sha512-kKvNJn6Mm93gAczWVJg7wH+wGYWNrDHdWvpUmHyEsgCtIwwo3bqPtV4tR5tuPaUhTOo/kvhVwd8XwwOllGYkbg=="
    },
    "semver": {
      "version": "5.5.1",
      "resolved": "https://registry.npmjs.org/semver/-/semver-5.5.1.tgz",
      "integrity": "sha512-PqpAxfrEhlSUWge8dwIp4tZnQ25DIOthpiaHNIthsjEFQD6EvqUKUDM7L8O2rShkFccYo1VjJR0coWfNkCubRw=="
    },
    "shellwords": {
      "version": "0.1.1",
      "resolved": "https://registry.npmjs.org/shellwords/-/shellwords-0.1.1.tgz",
      "integrity": "sha512-vFwSUfQvqybiICwZY5+DAWIPLKsWO31Q91JSKl3UYv+K5c2QRPzn0qzec6QPu1Qc9eHYItiP3NdJqNVqetYAww=="
    },
    "snekfetch": {
      "version": "3.6.1",
      "resolved": "https://registry.npmjs.org/snekfetch/-/snekfetch-3.6.1.tgz",
      "integrity": "sha512-aLEvf1YR440pINb0LEo/SL2Q2s/A26+YEqPlx09A0XpGH7qWp8iqIFFolVILHn2yudWXJne9QWyQu+lzDp+ksQ=="
    },
    "tweetnacl": {
      "version": "1.0.0",
      "resolved": "https://registry.npmjs.org/tweetnacl/-/tweetnacl-1.0.0.tgz",
      "integrity": "sha1-cT2LgY2kIGh0C/aDhtBHnmb8ins="
    },
    "ultron": {
      "version": "1.1.1",
      "resolved": "https://registry.npmjs.org/ultron/-/ultron-1.1.1.tgz",
      "integrity": "sha512-UIEXBNeYmKptWH6z8ZnqTeS8fV74zG0/eRU9VGkpzz+LIJNs8W/zM/L+7ctCkRrgbNnnR0xxw4bKOr0cW0N0Og=="
    },
    "uuid": {
      "version": "3.2.1",
      "resolved": "https://registry.npmjs.org/uuid/-/uuid-3.2.1.tgz",
      "integrity": "sha512-jZnMwlb9Iku/O3smGWvZhauCf6cvvpKi4BKRiliS3cxnI+Gz9j5MEpTz2UFuXiKPJocb7gnsLHwiS05ige5BEA=="
    },
    "which": {
      "version": "1.3.1",
      "resolved": "https://registry.npmjs.org/which/-/which-1.3.1.tgz",
      "integrity": "sha512-HxJdYWq1MTIQbJ3nw0cqssHoTNU267KlrDuGZ1WYlxDStUtKUhOaJmh112/TZmHxxUfuJqPXSOm7tDyas0OSIQ==",
      "requires": {
        "isexe": "^2.0.0"
      }
    },
    "ws": {
      "version": "4.0.0",
      "resolved": "https://registry.npmjs.org/ws/-/ws-4.0.0.tgz",
      "integrity": "sha512-QYslsH44bH8O7/W2815u5DpnCpXWpEK44FmaHffNwgJI4JMaSZONgPBTOfrxJ29mXKbXak+LsJ2uAkDTYq2ptQ==",
      "requires": {
        "async-limiter": "~1.0.0",
        "safe-buffer": "~5.1.0",
        "ultron": "~1.1.0"
      }
    }
  }
}
